// !$*UTF8*$!
{
	archiveVersion = 1;
	classes = {
	};
	objectVersion = 56;
	objects = {

/* Begin PBXBuildFile section */
		1D4A53962B216D64008682DC /* APIKEY-Info.plist in Resources */ = {isa = PBXBuildFile; fileRef = 1D4A53952B216D64008682DC /* APIKEY-Info.plist */; };
		1D4A53992B216D77008682DC /* TMapSDK.framework in Frameworks */ = {isa = PBXBuildFile; fileRef = 1D4A53972B216D71008682DC /* TMapSDK.framework */; };
		1D4A539A2B216D77008682DC /* TMapSDK.framework in Embed Frameworks */ = {isa = PBXBuildFile; fileRef = 1D4A53972B216D71008682DC /* TMapSDK.framework */; settings = {ATTRIBUTES = (CodeSignOnCopy, RemoveHeadersOnCopy, ); }; };
		714B74232B20C89F00326AEC /* Extensions.swift in Sources */ = {isa = PBXBuildFile; fileRef = 714B74222B20C89F00326AEC /* Extensions.swift */; };
		71B3DDE62B21722C00F58CE4 /* HomeView.swift in Sources */ = {isa = PBXBuildFile; fileRef = 71B3DDE52B21722C00F58CE4 /* HomeView.swift */; };
		71B3DDE82B2172B900F58CE4 /* SettingView.swift in Sources */ = {isa = PBXBuildFile; fileRef = 71B3DDE72B2172B900F58CE4 /* SettingView.swift */; };
		71EB13D92B206DFB00728077 /* AppDelegate.swift in Sources */ = {isa = PBXBuildFile; fileRef = 71EB13D82B206DFB00728077 /* AppDelegate.swift */; };
		71EB13DB2B206DFB00728077 /* SceneDelegate.swift in Sources */ = {isa = PBXBuildFile; fileRef = 71EB13DA2B206DFB00728077 /* SceneDelegate.swift */; };
		71EB13DD2B206DFB00728077 /* MainTabBarController.swift in Sources */ = {isa = PBXBuildFile; fileRef = 71EB13DC2B206DFB00728077 /* MainTabBarController.swift */; };
		71EB13E22B206DFC00728077 /* Assets.xcassets in Resources */ = {isa = PBXBuildFile; fileRef = 71EB13E12B206DFC00728077 /* Assets.xcassets */; };
		71EB13E52B206DFC00728077 /* LaunchScreen.storyboard in Resources */ = {isa = PBXBuildFile; fileRef = 71EB13E32B206DFC00728077 /* LaunchScreen.storyboard */; };
/* End PBXBuildFile section */

/* Begin PBXCopyFilesBuildPhase section */
		714B741D2B20C75E00326AEC /* Embed Frameworks */ = {
			isa = PBXCopyFilesBuildPhase;
			buildActionMask = 2147483647;
			dstPath = "";
			dstSubfolderSpec = 10;
			files = (
				1D4A539A2B216D77008682DC /* TMapSDK.framework in Embed Frameworks */,
			);
			name = "Embed Frameworks";
			runOnlyForDeploymentPostprocessing = 0;
		};
/* End PBXCopyFilesBuildPhase section */

/* Begin PBXFileReference section */
		1D4A53952B216D64008682DC /* APIKEY-Info.plist */ = {isa = PBXFileReference; fileEncoding = 4; lastKnownFileType = text.plist.xml; path = "APIKEY-Info.plist"; sourceTree = "<group>"; };
		1D4A53972B216D71008682DC /* TMapSDK.framework */ = {isa = PBXFileReference; lastKnownFileType = wrapper.framework; path = TMapSDK.framework; sourceTree = "<group>"; };
		714B74222B20C89F00326AEC /* Extensions.swift */ = {isa = PBXFileReference; lastKnownFileType = sourcecode.swift; path = Extensions.swift; sourceTree = "<group>"; };
		71B3DDE52B21722C00F58CE4 /* HomeView.swift */ = {isa = PBXFileReference; lastKnownFileType = sourcecode.swift; path = HomeView.swift; sourceTree = "<group>"; };
		71B3DDE72B2172B900F58CE4 /* SettingView.swift */ = {isa = PBXFileReference; lastKnownFileType = sourcecode.swift; path = SettingView.swift; sourceTree = "<group>"; };
		71EB13D52B206DFB00728077 /* EveryMap.app */ = {isa = PBXFileReference; explicitFileType = wrapper.application; includeInIndex = 0; path = EveryMap.app; sourceTree = BUILT_PRODUCTS_DIR; };
		71EB13D82B206DFB00728077 /* AppDelegate.swift */ = {isa = PBXFileReference; lastKnownFileType = sourcecode.swift; path = AppDelegate.swift; sourceTree = "<group>"; };
		71EB13DA2B206DFB00728077 /* SceneDelegate.swift */ = {isa = PBXFileReference; lastKnownFileType = sourcecode.swift; path = SceneDelegate.swift; sourceTree = "<group>"; };
		71EB13DC2B206DFB00728077 /* MainTabBarController.swift */ = {isa = PBXFileReference; lastKnownFileType = sourcecode.swift; path = MainTabBarController.swift; sourceTree = "<group>"; };
		71EB13E12B206DFC00728077 /* Assets.xcassets */ = {isa = PBXFileReference; lastKnownFileType = folder.assetcatalog; path = Assets.xcassets; sourceTree = "<group>"; };
		71EB13E42B206DFC00728077 /* Base */ = {isa = PBXFileReference; lastKnownFileType = file.storyboard; name = Base; path = Base.lproj/LaunchScreen.storyboard; sourceTree = "<group>"; };
		71EB13E62B206DFC00728077 /* Info.plist */ = {isa = PBXFileReference; lastKnownFileType = text.plist.xml; path = Info.plist; sourceTree = "<group>"; };
/* End PBXFileReference section */

/* Begin PBXFrameworksBuildPhase section */
		71EB13D22B206DFB00728077 /* Frameworks */ = {
			isa = PBXFrameworksBuildPhase;
			buildActionMask = 2147483647;
			files = (
				1D4A53992B216D77008682DC /* TMapSDK.framework in Frameworks */,
			);
			runOnlyForDeploymentPostprocessing = 0;
		};
/* End PBXFrameworksBuildPhase section */

/* Begin PBXGroup section */
		714B741E2B20C81600326AEC /* Models */ = {
			isa = PBXGroup;
			children = (
			);
			path = Models;
			sourceTree = "<group>";
		};
		714B741F2B20C82500326AEC /* Controllers */ = {
			isa = PBXGroup;
			children = (
				71EB13DC2B206DFB00728077 /* MainTabBarController.swift */,
			);
			path = Controllers;
			sourceTree = "<group>";
		};
		714B74202B20C82C00326AEC /* Views */ = {
			isa = PBXGroup;
			children = (
				71B3DDE52B21722C00F58CE4 /* HomeView.swift */,
				71B3DDE72B2172B900F58CE4 /* SettingView.swift */,
			);
			path = Views;
			sourceTree = "<group>";
		};
		714B74212B20C83100326AEC /* Utils */ = {
			isa = PBXGroup;
			children = (
				714B74222B20C89F00326AEC /* Extensions.swift */,
			);
			path = Utils;
			sourceTree = "<group>";
		};
		71B3DDE42B216F3E00F58CE4 /* Core */ = {
			isa = PBXGroup;
			children = (
				71EB13D82B206DFB00728077 /* AppDelegate.swift */,
				71EB13DA2B206DFB00728077 /* SceneDelegate.swift */,
				71EB13E32B206DFC00728077 /* LaunchScreen.storyboard */,
			);
			path = Core;
			sourceTree = "<group>";
		};
		71EB13CC2B206DFB00728077 = {
			isa = PBXGroup;
			children = (
				71EB13D72B206DFB00728077 /* EveryMap */,
				71EB13D62B206DFB00728077 /* Products */,
			);
			sourceTree = "<group>";
		};
		71EB13D62B206DFB00728077 /* Products */ = {
			isa = PBXGroup;
			children = (
				71EB13D52B206DFB00728077 /* EveryMap.app */,
			);
			name = Products;
			sourceTree = "<group>";
		};
		71EB13D72B206DFB00728077 /* EveryMap */ = {
			isa = PBXGroup;
			children = (
				71B3DDE42B216F3E00F58CE4 /* Core */,
				714B74212B20C83100326AEC /* Utils */,
				714B741E2B20C81600326AEC /* Models */,
				714B74202B20C82C00326AEC /* Views */,
				714B741F2B20C82500326AEC /* Controllers */,
				1D4A53952B216D64008682DC /* APIKEY-Info.plist */,
				1D4A53972B216D71008682DC /* TMapSDK.framework */,
				71EB13E12B206DFC00728077 /* Assets.xcassets */,
				71EB13E62B206DFC00728077 /* Info.plist */,
			);
			path = EveryMap;
			sourceTree = "<group>";
		};
/* End PBXGroup section */

/* Begin PBXNativeTarget section */
		71EB13D42B206DFB00728077 /* EveryMap */ = {
			isa = PBXNativeTarget;
			buildConfigurationList = 71EB13E92B206DFC00728077 /* Build configuration list for PBXNativeTarget "EveryMap" */;
			buildPhases = (
				71EB13D12B206DFB00728077 /* Sources */,
				71EB13D22B206DFB00728077 /* Frameworks */,
				71EB13D32B206DFB00728077 /* Resources */,
				714B741D2B20C75E00326AEC /* Embed Frameworks */,
			);
			buildRules = (
			);
			dependencies = (
			);
			name = EveryMap;
			productName = EveryMap;
			productReference = 71EB13D52B206DFB00728077 /* EveryMap.app */;
			productType = "com.apple.product-type.application";
		};
/* End PBXNativeTarget section */

/* Begin PBXProject section */
		71EB13CD2B206DFB00728077 /* Project object */ = {
			isa = PBXProject;
			attributes = {
				BuildIndependentTargetsInParallel = 1;
				LastSwiftUpdateCheck = 1500;
				LastUpgradeCheck = 1500;
				TargetAttributes = {
					71EB13D42B206DFB00728077 = {
						CreatedOnToolsVersion = 15.0.1;
					};
				};
			};
			buildConfigurationList = 71EB13D02B206DFB00728077 /* Build configuration list for PBXProject "EveryMap" */;
			compatibilityVersion = "Xcode 14.0";
			developmentRegion = en;
			hasScannedForEncodings = 0;
			knownRegions = (
				en,
				Base,
			);
			mainGroup = 71EB13CC2B206DFB00728077;
			productRefGroup = 71EB13D62B206DFB00728077 /* Products */;
			projectDirPath = "";
			projectRoot = "";
			targets = (
				71EB13D42B206DFB00728077 /* EveryMap */,
			);
		};
/* End PBXProject section */

/* Begin PBXResourcesBuildPhase section */
		71EB13D32B206DFB00728077 /* Resources */ = {
			isa = PBXResourcesBuildPhase;
			buildActionMask = 2147483647;
			files = (
				71EB13E52B206DFC00728077 /* LaunchScreen.storyboard in Resources */,
				71EB13E22B206DFC00728077 /* Assets.xcassets in Resources */,
				1D4A53962B216D64008682DC /* APIKEY-Info.plist in Resources */,
			);
			runOnlyForDeploymentPostprocessing = 0;
		};
/* End PBXResourcesBuildPhase section */

/* Begin PBXSourcesBuildPhase section */
		71EB13D12B206DFB00728077 /* Sources */ = {
			isa = PBXSourcesBuildPhase;
			buildActionMask = 2147483647;
			files = (
				71B3DDE62B21722C00F58CE4 /* HomeView.swift in Sources */,
				71EB13DD2B206DFB00728077 /* MainTabBarController.swift in Sources */,
				71EB13D92B206DFB00728077 /* AppDelegate.swift in Sources */,
				71B3DDE82B2172B900F58CE4 /* SettingView.swift in Sources */,
				71EB13DB2B206DFB00728077 /* SceneDelegate.swift in Sources */,
				714B74232B20C89F00326AEC /* Extensions.swift in Sources */,
			);
			runOnlyForDeploymentPostprocessing = 0;
		};
/* End PBXSourcesBuildPhase section */

/* Begin PBXVariantGroup section */
		71EB13E32B206DFC00728077 /* LaunchScreen.storyboard */ = {
			isa = PBXVariantGroup;
			children = (
				71EB13E42B206DFC00728077 /* Base */,
			);
			name = LaunchScreen.storyboard;
			sourceTree = "<group>";
		};
/* End PBXVariantGroup section */

/* Begin XCBuildConfiguration section */
		71EB13E72B206DFC00728077 /* Debug */ = {
			isa = XCBuildConfiguration;
			buildSettings = {
				ALWAYS_SEARCH_USER_PATHS = NO;
				ASSETCATALOG_COMPILER_GENERATE_SWIFT_ASSET_SYMBOL_EXTENSIONS = YES;
				CLANG_ANALYZER_NONNULL = YES;
				CLANG_ANALYZER_NUMBER_OBJECT_CONVERSION = YES_AGGRESSIVE;
				CLANG_CXX_LANGUAGE_STANDARD = "gnu++20";
				CLANG_ENABLE_MODULES = YES;
				CLANG_ENABLE_OBJC_ARC = YES;
				CLANG_ENABLE_OBJC_WEAK = YES;
				CLANG_WARN_BLOCK_CAPTURE_AUTORELEASING = YES;
				CLANG_WARN_BOOL_CONVERSION = YES;
				CLANG_WARN_COMMA = YES;
				CLANG_WARN_CONSTANT_CONVERSION = YES;
				CLANG_WARN_DEPRECATED_OBJC_IMPLEMENTATIONS = YES;
				CLANG_WARN_DIRECT_OBJC_ISA_USAGE = YES_ERROR;
				CLANG_WARN_DOCUMENTATION_COMMENTS = YES;
				CLANG_WARN_EMPTY_BODY = YES;
				CLANG_WARN_ENUM_CONVERSION = YES;
				CLANG_WARN_INFINITE_RECURSION = YES;
				CLANG_WARN_INT_CONVERSION = YES;
				CLANG_WARN_NON_LITERAL_NULL_CONVERSION = YES;
				CLANG_WARN_OBJC_IMPLICIT_RETAIN_SELF = YES;
				CLANG_WARN_OBJC_LITERAL_CONVERSION = YES;
				CLANG_WARN_OBJC_ROOT_CLASS = YES_ERROR;
				CLANG_WARN_QUOTED_INCLUDE_IN_FRAMEWORK_HEADER = YES;
				CLANG_WARN_RANGE_LOOP_ANALYSIS = YES;
				CLANG_WARN_STRICT_PROTOTYPES = YES;
				CLANG_WARN_SUSPICIOUS_MOVE = YES;
				CLANG_WARN_UNGUARDED_AVAILABILITY = YES_AGGRESSIVE;
				CLANG_WARN_UNREACHABLE_CODE = YES;
				CLANG_WARN__DUPLICATE_METHOD_MATCH = YES;
				COPY_PHASE_STRIP = NO;
				DEBUG_INFORMATION_FORMAT = dwarf;
				ENABLE_STRICT_OBJC_MSGSEND = YES;
				ENABLE_TESTABILITY = YES;
				ENABLE_USER_SCRIPT_SANDBOXING = YES;
				GCC_C_LANGUAGE_STANDARD = gnu17;
				GCC_DYNAMIC_NO_PIC = NO;
				GCC_NO_COMMON_BLOCKS = YES;
				GCC_OPTIMIZATION_LEVEL = 0;
				GCC_PREPROCESSOR_DEFINITIONS = (
					"DEBUG=1",
					"$(inherited)",
				);
				GCC_WARN_64_TO_32_BIT_CONVERSION = YES;
				GCC_WARN_ABOUT_RETURN_TYPE = YES_ERROR;
				GCC_WARN_UNDECLARED_SELECTOR = YES;
				GCC_WARN_UNINITIALIZED_AUTOS = YES_AGGRESSIVE;
				GCC_WARN_UNUSED_FUNCTION = YES;
				GCC_WARN_UNUSED_VARIABLE = YES;
				IPHONEOS_DEPLOYMENT_TARGET = 17.0;
				LOCALIZATION_PREFERS_STRING_CATALOGS = YES;
				MTL_ENABLE_DEBUG_INFO = INCLUDE_SOURCE;
				MTL_FAST_MATH = YES;
				ONLY_ACTIVE_ARCH = YES;
				SDKROOT = iphoneos;
				SWIFT_ACTIVE_COMPILATION_CONDITIONS = "DEBUG $(inherited)";
				SWIFT_OPTIMIZATION_LEVEL = "-Onone";
			};
			name = Debug;
		};
		71EB13E82B206DFC00728077 /* Release */ = {
			isa = XCBuildConfiguration;
			buildSettings = {
				ALWAYS_SEARCH_USER_PATHS = NO;
				ASSETCATALOG_COMPILER_GENERATE_SWIFT_ASSET_SYMBOL_EXTENSIONS = YES;
				CLANG_ANALYZER_NONNULL = YES;
				CLANG_ANALYZER_NUMBER_OBJECT_CONVERSION = YES_AGGRESSIVE;
				CLANG_CXX_LANGUAGE_STANDARD = "gnu++20";
				CLANG_ENABLE_MODULES = YES;
				CLANG_ENABLE_OBJC_ARC = YES;
				CLANG_ENABLE_OBJC_WEAK = YES;
				CLANG_WARN_BLOCK_CAPTURE_AUTORELEASING = YES;
				CLANG_WARN_BOOL_CONVERSION = YES;
				CLANG_WARN_COMMA = YES;
				CLANG_WARN_CONSTANT_CONVERSION = YES;
				CLANG_WARN_DEPRECATED_OBJC_IMPLEMENTATIONS = YES;
				CLANG_WARN_DIRECT_OBJC_ISA_USAGE = YES_ERROR;
				CLANG_WARN_DOCUMENTATION_COMMENTS = YES;
				CLANG_WARN_EMPTY_BODY = YES;
				CLANG_WARN_ENUM_CONVERSION = YES;
				CLANG_WARN_INFINITE_RECURSION = YES;
				CLANG_WARN_INT_CONVERSION = YES;
				CLANG_WARN_NON_LITERAL_NULL_CONVERSION = YES;
				CLANG_WARN_OBJC_IMPLICIT_RETAIN_SELF = YES;
				CLANG_WARN_OBJC_LITERAL_CONVERSION = YES;
				CLANG_WARN_OBJC_ROOT_CLASS = YES_ERROR;
				CLANG_WARN_QUOTED_INCLUDE_IN_FRAMEWORK_HEADER = YES;
				CLANG_WARN_RANGE_LOOP_ANALYSIS = YES;
				CLANG_WARN_STRICT_PROTOTYPES = YES;
				CLANG_WARN_SUSPICIOUS_MOVE = YES;
				CLANG_WARN_UNGUARDED_AVAILABILITY = YES_AGGRESSIVE;
				CLANG_WARN_UNREACHABLE_CODE = YES;
				CLANG_WARN__DUPLICATE_METHOD_MATCH = YES;
				COPY_PHASE_STRIP = NO;
				DEBUG_INFORMATION_FORMAT = "dwarf-with-dsym";
				ENABLE_NS_ASSERTIONS = NO;
				ENABLE_STRICT_OBJC_MSGSEND = YES;
				ENABLE_USER_SCRIPT_SANDBOXING = YES;
				GCC_C_LANGUAGE_STANDARD = gnu17;
				GCC_NO_COMMON_BLOCKS = YES;
				GCC_WARN_64_TO_32_BIT_CONVERSION = YES;
				GCC_WARN_ABOUT_RETURN_TYPE = YES_ERROR;
				GCC_WARN_UNDECLARED_SELECTOR = YES;
				GCC_WARN_UNINITIALIZED_AUTOS = YES_AGGRESSIVE;
				GCC_WARN_UNUSED_FUNCTION = YES;
				GCC_WARN_UNUSED_VARIABLE = YES;
				IPHONEOS_DEPLOYMENT_TARGET = 17.0;
				LOCALIZATION_PREFERS_STRING_CATALOGS = YES;
				MTL_ENABLE_DEBUG_INFO = NO;
				MTL_FAST_MATH = YES;
				SDKROOT = iphoneos;
				SWIFT_COMPILATION_MODE = wholemodule;
				VALIDATE_PRODUCT = YES;
			};
			name = Release;
		};
		71EB13EA2B206DFC00728077 /* Debug */ = {
			isa = XCBuildConfiguration;
			buildSettings = {
				ASSETCATALOG_COMPILER_APPICON_NAME = AppIcon;
				ASSETCATALOG_COMPILER_GLOBAL_ACCENT_COLOR_NAME = AccentColor;
				CODE_SIGN_STYLE = Automatic;
				CURRENT_PROJECT_VERSION = 1;
				DEVELOPMENT_TEAM = J3XZ67KDFK;
				FRAMEWORK_SEARCH_PATHS = (
					"$(inherited)",
					"$(PROJECT_DIR)/EveryMap",
				);
				GENERATE_INFOPLIST_FILE = YES;
				INFOPLIST_FILE = EveryMap/Info.plist;
				INFOPLIST_KEY_UIApplicationSupportsIndirectInputEvents = YES;
				INFOPLIST_KEY_UILaunchStoryboardName = LaunchScreen;
				INFOPLIST_KEY_UIMainStoryboardFile = "";
				INFOPLIST_KEY_UISupportedInterfaceOrientations_iPad = "UIInterfaceOrientationPortrait UIInterfaceOrientationPortraitUpsideDown UIInterfaceOrientationLandscapeLeft UIInterfaceOrientationLandscapeRight";
				INFOPLIST_KEY_UISupportedInterfaceOrientations_iPhone = "UIInterfaceOrientationPortrait UIInterfaceOrientationLandscapeLeft UIInterfaceOrientationLandscapeRight";
				LD_RUNPATH_SEARCH_PATHS = (
					"$(inherited)",
					"@executable_path/Frameworks",
				);
				MARKETING_VERSION = 1.0;
				PRODUCT_BUNDLE_IDENTIFIER = Seonghyeon.EveryMap;
				PRODUCT_NAME = "$(TARGET_NAME)";
				SWIFT_EMIT_LOC_STRINGS = YES;
				SWIFT_VERSION = 5.0;
				TARGETED_DEVICE_FAMILY = "1,2";
			};
			name = Debug;
		};
		71EB13EB2B206DFC00728077 /* Release */ = {
			isa = XCBuildConfiguration;
			buildSettings = {
				ASSETCATALOG_COMPILER_APPICON_NAME = AppIcon;
				ASSETCATALOG_COMPILER_GLOBAL_ACCENT_COLOR_NAME = AccentColor;
				CODE_SIGN_STYLE = Automatic;
				CURRENT_PROJECT_VERSION = 1;
				DEVELOPMENT_TEAM = J3XZ67KDFK;
				FRAMEWORK_SEARCH_PATHS = (
					"$(inherited)",
					"$(PROJECT_DIR)/EveryMap",
				);
				GENERATE_INFOPLIST_FILE = YES;
				INFOPLIST_FILE = EveryMap/Info.plist;
				INFOPLIST_KEY_UIApplicationSupportsIndirectInputEvents = YES;
				INFOPLIST_KEY_UILaunchStoryboardName = LaunchScreen;
				INFOPLIST_KEY_UIMainStoryboardFile = "";
				INFOPLIST_KEY_UISupportedInterfaceOrientations_iPad = "UIInterfaceOrientationPortrait UIInterfaceOrientationPortraitUpsideDown UIInterfaceOrientationLandscapeLeft UIInterfaceOrientationLandscapeRight";
				INFOPLIST_KEY_UISupportedInterfaceOrientations_iPhone = "UIInterfaceOrientationPortrait UIInterfaceOrientationLandscapeLeft UIInterfaceOrientationLandscapeRight";
				LD_RUNPATH_SEARCH_PATHS = (
					"$(inherited)",
					"@executable_path/Frameworks",
				);
				MARKETING_VERSION = 1.0;
				PRODUCT_BUNDLE_IDENTIFIER = Seonghyeon.EveryMap;
				PRODUCT_NAME = "$(TARGET_NAME)";
				SWIFT_EMIT_LOC_STRINGS = YES;
				SWIFT_VERSION = 5.0;
				TARGETED_DEVICE_FAMILY = "1,2";
			};
			name = Release;
		};
/* End XCBuildConfiguration section */

/* Begin XCConfigurationList section */
		71EB13D02B206DFB00728077 /* Build configuration list for PBXProject "EveryMap" */ = {
			isa = XCConfigurationList;
			buildConfigurations = (
				71EB13E72B206DFC00728077 /* Debug */,
				71EB13E82B206DFC00728077 /* Release */,
			);
			defaultConfigurationIsVisible = 0;
			defaultConfigurationName = Release;
		};
		71EB13E92B206DFC00728077 /* Build configuration list for PBXNativeTarget "EveryMap" */ = {
			isa = XCConfigurationList;
			buildConfigurations = (
				71EB13EA2B206DFC00728077 /* Debug */,
				71EB13EB2B206DFC00728077 /* Release */,
			);
			defaultConfigurationIsVisible = 0;
			defaultConfigurationName = Release;
		};
/* End XCConfigurationList section */
	};
	rootObject = 71EB13CD2B206DFB00728077 /* Project object */;
}
